
Microsoft Visual Studio Solution File, Format Version 12.00
# Visual Studio Version 17
VisualStudioVersion = 17.0.31903.59
MinimumVisualStudioVersion = 10.0.40219.1
Project("{2150E333-8FDC-42A3-9474-1A3956D46DE8}") = "src", "src", "{827E0CD3-B72D-47B6-A68D-7590B98EB39B}"
EndProject
Project("{FAE04EC0-301F-11D3-BF4B-00C04F79EFBC}") = "FieldApp.Api", "src\FieldApp.Api\FieldApp.Api.csproj", "{C36EBC1A-9A58-48D6-BDC4-7D758200E689}"
EndProject
Project("{FAE04EC0-301F-11D3-BF4B-00C04F79EFBC}") = "FieldApp.Application", "src\FieldApp.Application\FieldApp.Application.csproj", "{E7FF619A-C813-47FF-A487-9C3E472C7997}"
EndProject
Project("{FAE04EC0-301F-11D3-BF4B-00C04F79EFBC}") = "FieldApp.Domain", "src\FieldApp.Domain\FieldApp.Domain.csproj", "{431DF41F-47CA-4559-BB38-28E64D400F73}"
EndProject
Project("{FAE04EC0-301F-11D3-BF4B-00C04F79EFBC}") = "FieldApp.Infrastructure", "src\FieldApp.Infrastructure\FieldApp.Infrastructure.csproj", "{43B1C100-8485-47D9-9E36-1A0BA9E0B8D6}"
EndProject
Project("{2150E333-8FDC-42A3-9474-1A3956D46DE8}") = "tests", "tests", "{0AB3BF05-4346-4AA6-1389-037BE0695223}"
EndProject
Project("{FAE04EC0-301F-11D3-BF4B-00C04F79EFBC}") = "FieldApp.E2ETests", "tests\FieldApp.E2ETests\FieldApp.E2ETests.csproj", "{786D5497-C54C-4CEB-8B98-59C0B858DCDF}"
EndProject
Project("{FAE04EC0-301F-11D3-BF4B-00C04F79EFBC}") = "FieldApp.IntegrationTests", "tests\FieldApp.IntegrationTests\FieldApp.IntegrationTests.csproj", "{A3AB5660-BDCD-442A-96E6-95B2D9DE9B49}"
EndProject
Project("{FAE04EC0-301F-11D3-BF4B-00C04F79EFBC}") = "FieldApp.UnitTests", "tests\FieldApp.UnitTests\FieldApp.UnitTests.csproj", "{0ECA118C-84EB-4241-8009-7D47A199EA44}"
EndProject
Global
	GlobalSection(SolutionConfigurationPlatforms) = preSolution
		Debug|Any CPU = Debug|Any CPU
		Debug|x64 = Debug|x64
		Debug|x86 = Debug|x86
		Release|Any CPU = Release|Any CPU
		Release|x64 = Release|x64
		Release|x86 = Release|x86
	EndGlobalSection
	GlobalSection(ProjectConfigurationPlatforms) = postSolution
		{C36EBC1A-9A58-48D6-BDC4-7D758200E689}.Debug|Any CPU.ActiveCfg = Debug|Any CPU
		{C36EBC1A-9A58-48D6-BDC4-7D758200E689}.Debug|Any CPU.Build.0 = Debug|Any CPU
		{C36EBC1A-9A58-48D6-BDC4-7D758200E689}.Debug|x64.ActiveCfg = Debug|Any CPU
		{C36EBC1A-9A58-48D6-BDC4-7D758200E689}.Debug|x64.Build.0 = Debug|Any CPU
		{C36EBC1A-9A58-48D6-BDC4-7D758200E689}.Debug|x86.ActiveCfg = Debug|Any CPU
		{C36EBC1A-9A58-48D6-BDC4-7D758200E689}.Debug|x86.Build.0 = Debug|Any CPU
		{C36EBC1A-9A58-48D6-BDC4-7D758200E689}.Release|Any CPU.ActiveCfg = Release|Any CPU
		{C36EBC1A-9A58-48D6-BDC4-7D758200E689}.Release|Any CPU.Build.0 = Release|Any CPU
		{C36EBC1A-9A58-48D6-BDC4-7D758200E689}.Release|x64.ActiveCfg = Release|Any CPU
		{C36EBC1A-9A58-48D6-BDC4-7D758200E689}.Release|x64.Build.0 = Release|Any CPU
		{C36EBC1A-9A58-48D6-BDC4-7D758200E689}.Release|x86.ActiveCfg = Release|Any CPU
		{C36EBC1A-9A58-48D6-BDC4-7D758200E689}.Release|x86.Build.0 = Release|Any CPU
		{E7FF619A-C813-47FF-A487-9C3E472C7997}.Debug|Any CPU.ActiveCfg = Debug|Any CPU
		{E7FF619A-C813-47FF-A487-9C3E472C7997}.Debug|Any CPU.Build.0 = Debug|Any CPU
		{E7FF619A-C813-47FF-A487-9C3E472C7997}.Debug|x64.ActiveCfg = Debug|Any CPU
		{E7FF619A-C813-47FF-A487-9C3E472C7997}.Debug|x64.Build.0 = Debug|Any CPU
		{E7FF619A-C813-47FF-A487-9C3E472C7997}.Debug|x86.ActiveCfg = Debug|Any CPU
		{E7FF619A-C813-47FF-A487-9C3E472C7997}.Debug|x86.Build.0 = Debug|Any CPU
		{E7FF619A-C813-47FF-A487-9C3E472C7997}.Release|Any CPU.ActiveCfg = Release|Any CPU
		{E7FF619A-C813-47FF-A487-9C3E472C7997}.Release|Any CPU.Build.0 = Release|Any CPU
		{E7FF619A-C813-47FF-A487-9C3E472C7997}.Release|x64.ActiveCfg = Release|Any CPU
		{E7FF619A-C813-47FF-A487-9C3E472C7997}.Release|x64.Build.0 = Release|Any CPU
		{E7FF619A-C813-47FF-A487-9C3E472C7997}.Release|x86.ActiveCfg = Release|Any CPU
		{E7FF619A-C813-47FF-A487-9C3E472C7997}.Release|x86.Build.0 = Release|Any CPU
		{431DF41F-47CA-4559-BB38-28E64D400F73}.Debug|Any CPU.ActiveCfg = Debug|Any CPU
		{431DF41F-47CA-4559-BB38-28E64D400F73}.Debug|Any CPU.Build.0 = Debug|Any CPU
		{431DF41F-47CA-4559-BB38-28E64D400F73}.Debug|x64.ActiveCfg = Debug|Any CPU
		{431DF41F-47CA-4559-BB38-28E64D400F73}.Debug|x64.Build.0 = Debug|Any CPU
		{431DF41F-47CA-4559-BB38-28E64D400F73}.Debug|x86.ActiveCfg = Debug|Any CPU
		{431DF41F-47CA-4559-BB38-28E64D400F73}.Debug|x86.Build.0 = Debug|Any CPU
		{431DF41F-47CA-4559-BB38-28E64D400F73}.Release|Any CPU.ActiveCfg = Release|Any CPU
		{431DF41F-47CA-4559-BB38-28E64D400F73}.Release|Any CPU.Build.0 = Release|Any CPU
		{431DF41F-47CA-4559-BB38-28E64D400F73}.Release|x64.ActiveCfg = Release|Any CPU
		{431DF41F-47CA-4559-BB38-28E64D400F73}.Release|x64.Build.0 = Release|Any CPU
		{431DF41F-47CA-4559-BB38-28E64D400F73}.Release|x86.ActiveCfg = Release|Any CPU
		{431DF41F-47CA-4559-BB38-28E64D400F73}.Release|x86.Build.0 = Release|Any CPU
		{43B1C100-8485-47D9-9E36-1A0BA9E0B8D6}.Debug|Any CPU.ActiveCfg = Debug|Any CPU
		{43B1C100-8485-47D9-9E36-1A0BA9E0B8D6}.Debug|Any CPU.Build.0 = Debug|Any CPU
		{43B1C100-8485-47D9-9E36-1A0BA9E0B8D6}.Debug|x64.ActiveCfg = Debug|Any CPU
		{43B1C100-8485-47D9-9E36-1A0BA9E0B8D6}.Debug|x64.Build.0 = Debug|Any CPU
		{43B1C100-8485-47D9-9E36-1A0BA9E0B8D6}.Debug|x86.ActiveCfg = Debug|Any CPU
		{43B1C100-8485-47D9-9E36-1A0BA9E0B8D6}.Debug|x86.Build.0 = Debug|Any CPU
		{43B1C100-8485-47D9-9E36-1A0BA9E0B8D6}.Release|Any CPU.ActiveCfg = Release|Any CPU
		{43B1C100-8485-47D9-9E36-1A0BA9E0B8D6}.Release|Any CPU.Build.0 = Release|Any CPU
		{43B1C100-8485-47D9-9E36-1A0BA9E0B8D6}.Release|x64.ActiveCfg = Release|Any CPU
		{43B1C100-8485-47D9-9E36-1A0BA9E0B8D6}.Release|x64.Build.0 = Release|Any CPU
		{43B1C100-8485-47D9-9E36-1A0BA9E0B8D6}.Release|x86.ActiveCfg = Release|Any CPU
		{43B1C100-8485-47D9-9E36-1A0BA9E0B8D6}.Release|x86.Build.0 = Release|Any CPU
		{786D5497-C54C-4CEB-8B98-59C0B858DCDF}.Debug|Any CPU.ActiveCfg = Debug|Any CPU
		{786D5497-C54C-4CEB-8B98-59C0B858DCDF}.Debug|Any CPU.Build.0 = Debug|Any CPU
		{786D5497-C54C-4CEB-8B98-59C0B858DCDF}.Debug|x64.ActiveCfg = Debug|Any CPU
		{786D5497-C54C-4CEB-8B98-59C0B858DCDF}.Debug|x64.Build.0 = Debug|Any CPU
		{786D5497-C54C-4CEB-8B98-59C0B858DCDF}.Debug|x86.ActiveCfg = Debug|Any CPU
		{786D5497-C54C-4CEB-8B98-59C0B858DCDF}.Debug|x86.Build.0 = Debug|Any CPU
		{786D5497-C54C-4CEB-8B98-59C0B858DCDF}.Release|Any CPU.ActiveCfg = Release|Any CPU
		{786D5497-C54C-4CEB-8B98-59C0B858DCDF}.Release|Any CPU.Build.0 = Release|Any CPU
		{786D5497-C54C-4CEB-8B98-59C0B858DCDF}.Release|x64.ActiveCfg = Release|Any CPU
		{786D5497-C54C-4CEB-8B98-59C0B858DCDF}.Release|x64.Build.0 = Release|Any CPU
		{786D5497-C54C-4CEB-8B98-59C0B858DCDF}.Release|x86.ActiveCfg = Release|Any CPU
		{786D5497-C54C-4CEB-8B98-59C0B858DCDF}.Release|x86.Build.0 = Release|Any CPU
		{A3AB5660-BDCD-442A-96E6-95B2D9DE9B49}.Debug|Any CPU.ActiveCfg = Debug|Any CPU
		{A3AB5660-BDCD-442A-96E6-95B2D9DE9B49}.Debug|Any CPU.Build.0 = Debug|Any CPU
		{A3AB5660-BDCD-442A-96E6-95B2D9DE9B49}.Debug|x64.ActiveCfg = Debug|Any CPU
		{A3AB5660-BDCD-442A-96E6-95B2D9DE9B49}.Debug|x64.Build.0 = Debug|Any CPU
		{A3AB5660-BDCD-442A-96E6-95B2D9DE9B49}.Debug|x86.ActiveCfg = Debug|Any CPU
		{A3AB5660-BDCD-442A-96E6-95B2D9DE9B49}.Debug|x86.Build.0 = Debug|Any CPU
		{A3AB5660-BDCD-442A-96E6-95B2D9DE9B49}.Release|Any CPU.ActiveCfg = Release|Any CPU
		{A3AB5660-BDCD-442A-96E6-95B2D9DE9B49}.Release|Any CPU.Build.0 = Release|Any CPU
		{A3AB5660-BDCD-442A-96E6-95B2D9DE9B49}.Release|x64.ActiveCfg = Release|Any CPU
		{A3AB5660-BDCD-442A-96E6-95B2D9DE9B49}.Release|x64.Build.0 = Release|Any CPU
		{A3AB5660-BDCD-442A-96E6-95B2D9DE9B49}.Release|x86.ActiveCfg = Release|Any CPU
		{A3AB5660-BDCD-442A-96E6-95B2D9DE9B49}.Release|x86.Build.0 = Release|Any CPU
		{0ECA118C-84EB-4241-8009-7D47A199EA44}.Debug|Any CPU.ActiveCfg = Debug|Any CPU
		{0ECA118C-84EB-4241-8009-7D47A199EA44}.Debug|Any CPU.Build.0 = Debug|Any CPU
		{0ECA118C-84EB-4241-8009-7D47A199EA44}.Debug|x64.ActiveCfg = Debug|Any CPU
		{0ECA118C-84EB-4241-8009-7D47A199EA44}.Debug|x64.Build.0 = Debug|Any CPU
		{0ECA118C-84EB-4241-8009-7D47A199EA44}.Debug|x86.ActiveCfg = Debug|Any CPU
		{0ECA118C-84EB-4241-8009-7D47A199EA44}.Debug|x86.Build.0 = Debug|Any CPU
		{0ECA118C-84EB-4241-8009-7D47A199EA44}.Release|Any CPU.ActiveCfg = Release|Any CPU
		{0ECA118C-84EB-4241-8009-7D47A199EA44}.Release|Any CPU.Build.0 = Release|Any CPU
		{0ECA118C-84EB-4241-8009-7D47A199EA44}.Release|x64.ActiveCfg = Release|Any CPU
		{0ECA118C-84EB-4241-8009-7D47A199EA44}.Release|x64.Build.0 = Release|Any CPU
		{0ECA118C-84EB-4241-8009-7D47A199EA44}.Release|x86.ActiveCfg = Release|Any CPU
		{0ECA118C-84EB-4241-8009-7D47A199EA44}.Release|x86.Build.0 = Release|Any CPU
	EndGlobalSection
	GlobalSection(SolutionProperties) = preSolution
		HideSolutionNode = FALSE
	EndGlobalSection
	GlobalSection(NestedProjects) = preSolution
		{C36EBC1A-9A58-48D6-BDC4-7D758200E689} = {827E0CD3-B72D-47B6-A68D-7590B98EB39B}
		{E7FF619A-C813-47FF-A487-9C3E472C7997} = {827E0CD3-B72D-47B6-A68D-7590B98EB39B}
		{431DF41F-47CA-4559-BB38-28E64D400F73} = {827E0CD3-B72D-47B6-A68D-7590B98EB39B}
		{43B1C100-8485-47D9-9E36-1A0BA9E0B8D6} = {827E0CD3-B72D-47B6-A68D-7590B98EB39B}
		{786D5497-C54C-4CEB-8B98-59C0B858DCDF} = {0AB3BF05-4346-4AA6-1389-037BE0695223}
		{A3AB5660-BDCD-442A-96E6-95B2D9DE9B49} = {0AB3BF05-4346-4AA6-1389-037BE0695223}
		{0ECA118C-84EB-4241-8009-7D47A199EA44} = {0AB3BF05-4346-4AA6-1389-037BE0695223}
	EndGlobalSection
EndGlobal
